// !$*UTF8*$!
{
	archiveVersion = 1;
	classes = {
	};
	objectVersion = 46;
	objects = {

/* Begin PBXBuildFile section */
		7DCEE79E1B6D5F02007A8FC9 /* main.m in Sources */ = {isa = PBXBuildFile; fileRef = 7DCEE79D1B6D5F02007A8FC9 /* main.m */; };
		7DCEE7A11B6D5F02007A8FC9 /* AppDelegate.m in Sources */ = {isa = PBXBuildFile; fileRef = 7DCEE7A01B6D5F02007A8FC9 /* AppDelegate.m */; };
		7DCEE7A41B6D5F02007A8FC9 /* ViewController.m in Sources */ = {isa = PBXBuildFile; fileRef = 7DCEE7A31B6D5F02007A8FC9 /* ViewController.m */; };
		7DCEE7A71B6D5F02007A8FC9 /* Main.storyboard in Resources */ = {isa = PBXBuildFile; fileRef = 7DCEE7A51B6D5F02007A8FC9 /* Main.storyboard */; };
		7DCEE7A91B6D5F02007A8FC9 /* Images.xcassets in Resources */ = {isa = PBXBuildFile; fileRef = 7DCEE7A81B6D5F02007A8FC9 /* Images.xcassets */; };
		7DCEE7AC1B6D5F02007A8FC9 /* LaunchScreen.xib in Resources */ = {isa = PBXBuildFile; fileRef = 7DCEE7AA1B6D5F02007A8FC9 /* LaunchScreen.xib */; };
		7DCEE7B81B6D5F02007A8FC9 /* ECCodeChallengeTests.m in Sources */ = {isa = PBXBuildFile; fileRef = 7DCEE7B71B6D5F02007A8FC9 /* ECCodeChallengeTests.m */; };
		7DCEE7C31B6DB588007A8FC9 /* TimesViewController.m in Sources */ = {isa = PBXBuildFile; fileRef = 7DCEE7C21B6DB588007A8FC9 /* TimesViewController.m */; };
		7DCEE7C91B6DB659007A8FC9 /* TimesController.m in Sources */ = {isa = PBXBuildFile; fileRef = 7DCEE7C81B6DB659007A8FC9 /* TimesController.m */; };
/* End PBXBuildFile section */

/* Begin PBXContainerItemProxy section */
		7DCEE7B21B6D5F02007A8FC9 /* PBXContainerItemProxy */ = {
			isa = PBXContainerItemProxy;
			containerPortal = 7DCEE7901B6D5F02007A8FC9 /* Project object */;
			proxyType = 1;
			remoteGlobalIDString = 7DCEE7971B6D5F02007A8FC9;
			remoteInfo = ECCodeChallenge;
		};
/* End PBXContainerItemProxy section */

/* Begin PBXFileReference section */
		7DCEE7981B6D5F02007A8FC9 /* ECCodeChallenge.app */ = {isa = PBXFileReference; explicitFileType = wrapper.application; includeInIndex = 0; path = ECCodeChallenge.app; sourceTree = BUILT_PRODUCTS_DIR; };
		7DCEE79C1B6D5F02007A8FC9 /* Info.plist */ = {isa = PBXFileReference; lastKnownFileType = text.plist.xml; path = Info.plist; sourceTree = "<group>"; };
		7DCEE79D1B6D5F02007A8FC9 /* main.m */ = {isa = PBXFileReference; lastKnownFileType = sourcecode.c.objc; path = main.m; sourceTree = "<group>"; };
		7DCEE79F1B6D5F02007A8FC9 /* AppDelegate.h */ = {isa = PBXFileReference; lastKnownFileType = sourcecode.c.h; path = AppDelegate.h; sourceTree = "<group>"; };
		7DCEE7A01B6D5F02007A8FC9 /* AppDelegate.m */ = {isa = PBXFileReference; lastKnownFileType = sourcecode.c.objc; path = AppDelegate.m; sourceTree = "<group>"; };
		7DCEE7A21B6D5F02007A8FC9 /* ViewController.h */ = {isa = PBXFileReference; lastKnownFileType = sourcecode.c.h; path = ViewController.h; sourceTree = "<group>"; };
		7DCEE7A31B6D5F02007A8FC9 /* ViewController.m */ = {isa = PBXFileReference; lastKnownFileType = sourcecode.c.objc; path = ViewController.m; sourceTree = "<group>"; };
		7DCEE7A61B6D5F02007A8FC9 /* Base */ = {isa = PBXFileReference; lastKnownFileType = file.storyboard; name = Base; path = Base.lproj/Main.storyboard; sourceTree = "<group>"; };
		7DCEE7A81B6D5F02007A8FC9 /* Images.xcassets */ = {isa = PBXFileReference; lastKnownFileType = folder.assetcatalog; path = Images.xcassets; sourceTree = "<group>"; };
		7DCEE7AB1B6D5F02007A8FC9 /* Base */ = {isa = PBXFileReference; lastKnownFileType = file.xib; name = Base; path = Base.lproj/LaunchScreen.xib; sourceTree = "<group>"; };
		7DCEE7B11B6D5F02007A8FC9 /* ECCodeChallengeTests.xctest */ = {isa = PBXFileReference; explicitFileType = wrapper.cfbundle; includeInIndex = 0; path = ECCodeChallengeTests.xctest; sourceTree = BUILT_PRODUCTS_DIR; };
		7DCEE7B61B6D5F02007A8FC9 /* Info.plist */ = {isa = PBXFileReference; lastKnownFileType = text.plist.xml; path = Info.plist; sourceTree = "<group>"; };
		7DCEE7B71B6D5F02007A8FC9 /* ECCodeChallengeTests.m */ = {isa = PBXFileReference; lastKnownFileType = sourcecode.c.objc; path = ECCodeChallengeTests.m; sourceTree = "<group>"; };
		7DCEE7C11B6DB588007A8FC9 /* TimesViewController.h */ = {isa = PBXFileReference; fileEncoding = 4; lastKnownFileType = sourcecode.c.h; path = TimesViewController.h; sourceTree = "<group>"; };
		7DCEE7C21B6DB588007A8FC9 /* TimesViewController.m */ = {isa = PBXFileReference; fileEncoding = 4; lastKnownFileType = sourcecode.c.objc; path = TimesViewController.m; sourceTree = "<group>"; };
		7DCEE7C71B6DB659007A8FC9 /* TimesController.h */ = {isa = PBXFileReference; fileEncoding = 4; lastKnownFileType = sourcecode.c.h; path = TimesController.h; sourceTree = "<group>"; };
		7DCEE7C81B6DB659007A8FC9 /* TimesController.m */ = {isa = PBXFileReference; fileEncoding = 4; lastKnownFileType = sourcecode.c.objc; path = TimesController.m; sourceTree = "<group>"; };
/* End PBXFileReference section */

/* Begin PBXFrameworksBuildPhase section */
		7DCEE7951B6D5F02007A8FC9 /* Frameworks */ = {
			isa = PBXFrameworksBuildPhase;
			buildActionMask = 2147483647;
			files = (
			);
			runOnlyForDeploymentPostprocessing = 0;
		};
		7DCEE7AE1B6D5F02007A8FC9 /* Frameworks */ = {
			isa = PBXFrameworksBuildPhase;
			buildActionMask = 2147483647;
			files = (
			);
			runOnlyForDeploymentPostprocessing = 0;
		};
/* End PBXFrameworksBuildPhase section */

/* Begin PBXGroup section */
		7DCEE78F1B6D5F02007A8FC9 = {
			isa = PBXGroup;
			children = (
				7DCEE79A1B6D5F02007A8FC9 /* ECCodeChallenge */,
				7DCEE7B41B6D5F02007A8FC9 /* ECCodeChallengeTests */,
				7DCEE7991B6D5F02007A8FC9 /* Products */,
			);
			sourceTree = "<group>";
		};
		7DCEE7991B6D5F02007A8FC9 /* Products */ = {
			isa = PBXGroup;
			children = (
				7DCEE7981B6D5F02007A8FC9 /* ECCodeChallenge.app */,
				7DCEE7B11B6D5F02007A8FC9 /* ECCodeChallengeTests.xctest */,
			);
			name = Products;
			sourceTree = "<group>";
		};
		7DCEE79A1B6D5F02007A8FC9 /* ECCodeChallenge */ = {
			isa = PBXGroup;
			children = (
				7DCEE79F1B6D5F02007A8FC9 /* AppDelegate.h */,
				7DCEE7A01B6D5F02007A8FC9 /* AppDelegate.m */,
				7DCEE7A21B6D5F02007A8FC9 /* ViewController.h */,
				7DCEE7A31B6D5F02007A8FC9 /* ViewController.m */,
				7DCEE7A51B6D5F02007A8FC9 /* Main.storyboard */,
				7DCEE7C41B6DB59E007A8FC9 /* TimesView */,
				7DCEE7C61B6DB5F8007A8FC9 /* TimesController */,
				7DCEE7A81B6D5F02007A8FC9 /* Images.xcassets */,
				7DCEE7AA1B6D5F02007A8FC9 /* LaunchScreen.xib */,
				7DCEE79B1B6D5F02007A8FC9 /* Supporting Files */,
			);
			path = ECCodeChallenge;
			sourceTree = "<group>";
		};
		7DCEE79B1B6D5F02007A8FC9 /* Supporting Files */ = {
			isa = PBXGroup;
			children = (
				7DCEE79C1B6D5F02007A8FC9 /* Info.plist */,
				7DCEE79D1B6D5F02007A8FC9 /* main.m */,
			);
			name = "Supporting Files";
			sourceTree = "<group>";
		};
		7DCEE7B41B6D5F02007A8FC9 /* ECCodeChallengeTests */ = {
			isa = PBXGroup;
			children = (
				7DCEE7B71B6D5F02007A8FC9 /* ECCodeChallengeTests.m */,
				7DCEE7B51B6D5F02007A8FC9 /* Supporting Files */,
			);
			path = ECCodeChallengeTests;
			sourceTree = "<group>";
		};
		7DCEE7B51B6D5F02007A8FC9 /* Supporting Files */ = {
			isa = PBXGroup;
			children = (
				7DCEE7B61B6D5F02007A8FC9 /* Info.plist */,
			);
			name = "Supporting Files";
			sourceTree = "<group>";
		};
		7DCEE7C41B6DB59E007A8FC9 /* TimesView */ = {
			isa = PBXGroup;
			children = (
				7DCEE7C11B6DB588007A8FC9 /* TimesViewController.h */,
				7DCEE7C21B6DB588007A8FC9 /* TimesViewController.m */,
			);
			name = TimesView;
			sourceTree = "<group>";
		};
		7DCEE7C61B6DB5F8007A8FC9 /* TimesController */ = {
			isa = PBXGroup;
			children = (
				7DCEE7C71B6DB659007A8FC9 /* TimesController.h */,
				7DCEE7C81B6DB659007A8FC9 /* TimesController.m */,
			);
			name = TimesController;
			sourceTree = "<group>";
		};
/* End PBXGroup section */

/* Begin PBXNativeTarget section */
		7DCEE7971B6D5F02007A8FC9 /* ECCodeChallenge */ = {
			isa = PBXNativeTarget;
			buildConfigurationList = 7DCEE7BB1B6D5F02007A8FC9 /* Build configuration list for PBXNativeTarget "ECCodeChallenge" */;
			buildPhases = (
				7DCEE7941B6D5F02007A8FC9 /* Sources */,
				7DCEE7951B6D5F02007A8FC9 /* Frameworks */,
				7DCEE7961B6D5F02007A8FC9 /* Resources */,
			);
			buildRules = (
			);
			dependencies = (
			);
			name = ECCodeChallenge;
			productName = ECCodeChallenge;
			productReference = 7DCEE7981B6D5F02007A8FC9 /* ECCodeChallenge.app */;
			productType = "com.apple.product-type.application";
		};
		7DCEE7B01B6D5F02007A8FC9 /* ECCodeChallengeTests */ = {
			isa = PBXNativeTarget;
			buildConfigurationList = 7DCEE7BE1B6D5F02007A8FC9 /* Build configuration list for PBXNativeTarget "ECCodeChallengeTests" */;
			buildPhases = (
				7DCEE7AD1B6D5F02007A8FC9 /* Sources */,
				7DCEE7AE1B6D5F02007A8FC9 /* Frameworks */,
				7DCEE7AF1B6D5F02007A8FC9 /* Resources */,
			);
			buildRules = (
			);
			dependencies = (
				7DCEE7B31B6D5F02007A8FC9 /* PBXTargetDependency */,
			);
			name = ECCodeChallengeTests;
			productName = ECCodeChallengeTests;
			productReference = 7DCEE7B11B6D5F02007A8FC9 /* ECCodeChallengeTests.xctest */;
			productType = "com.apple.product-type.bundle.unit-test";
		};
/* End PBXNativeTarget section */

/* Begin PBXProject section */
		7DCEE7901B6D5F02007A8FC9 /* Project object */ = {
			isa = PBXProject;
			attributes = {
				LastUpgradeCheck = 0640;
				ORGANIZATIONNAME = "Austin Mecham";
				TargetAttributes = {
					7DCEE7971B6D5F02007A8FC9 = {
						CreatedOnToolsVersion = 6.4;
					};
					7DCEE7B01B6D5F02007A8FC9 = {
						CreatedOnToolsVersion = 6.4;
						TestTargetID = 7DCEE7971B6D5F02007A8FC9;
					};
				};
			};
			buildConfigurationList = 7DCEE7931B6D5F02007A8FC9 /* Build configuration list for PBXProject "ECCodeChallenge" */;
			compatibilityVersion = "Xcode 3.2";
			developmentRegion = English;
			hasScannedForEncodings = 0;
			knownRegions = (
				en,
				Base,
			);
			mainGroup = 7DCEE78F1B6D5F02007A8FC9;
			productRefGroup = 7DCEE7991B6D5F02007A8FC9 /* Products */;
			projectDirPath = "";
			projectRoot = "";
			targets = (
				7DCEE7971B6D5F02007A8FC9 /* ECCodeChallenge */,
				7DCEE7B01B6D5F02007A8FC9 /* ECCodeChallengeTests */,
			);
		};
/* End PBXProject section */

/* Begin PBXResourcesBuildPhase section */
		7DCEE7961B6D5F02007A8FC9 /* Resources */ = {
			isa = PBXResourcesBuildPhase;
			buildActionMask = 2147483647;
			files = (
				7DCEE7A71B6D5F02007A8FC9 /* Main.storyboard in Resources */,
				7DCEE7AC1B6D5F02007A8FC9 /* LaunchScreen.xib in Resources */,
				7DCEE7A91B6D5F02007A8FC9 /* Images.xcassets in Resources */,
			);
			runOnlyForDeploymentPostprocessing = 0;
		};
		7DCEE7AF1B6D5F02007A8FC9 /* Resources */ = {
			isa = PBXResourcesBuildPhase;
			buildActionMask = 2147483647;
			files = (
			);
			runOnlyForDeploymentPostprocessing = 0;
		};
/* End PBXResourcesBuildPhase section */

/* Begin PBXSourcesBuildPhase section */
		7DCEE7941B6D5F02007A8FC9 /* Sources */ = {
			isa = PBXSourcesBuildPhase;
			buildActionMask = 2147483647;
			files = (
				7DCEE7A41B6D5F02007A8FC9 /* ViewController.m in Sources */,
				7DCEE7C91B6DB659007A8FC9 /* TimesController.m in Sources */,
				7DCEE7C31B6DB588007A8FC9 /* TimesViewController.m in Sources */,
				7DCEE7A11B6D5F02007A8FC9 /* AppDelegate.m in Sources */,
				7DCEE79E1B6D5F02007A8FC9 /* main.m in Sources */,
			);
			runOnlyForDeploymentPostprocessing = 0;
		};
		7DCEE7AD1B6D5F02007A8FC9 /* Sources */ = {
			isa = PBXSourcesBuildPhase;
			buildActionMask = 2147483647;
			files = (
				7DCEE7B81B6D5F02007A8FC9 /* ECCodeChallengeTests.m in Sources */,
			);
			runOnlyForDeploymentPostprocessing = 0;
		};
/* End PBXSourcesBuildPhase section */

/* Begin PBXTargetDependency section */
		7DCEE7B31B6D5F02007A8FC9 /* PBXTargetDependency */ = {
			isa = PBXTargetDependency;
			target = 7DCEE7971B6D5F02007A8FC9 /* ECCodeChallenge */;
			targetProxy = 7DCEE7B21B6D5F02007A8FC9 /* PBXContainerItemProxy */;
		};
/* End PBXTargetDependency section */

/* Begin PBXVariantGroup section */
		7DCEE7A51B6D5F02007A8FC9 /* Main.storyboard */ = {
			isa = PBXVariantGroup;
			children = (
				7DCEE7A61B6D5F02007A8FC9 /* Base */,
			);
			name = Main.storyboard;
			sourceTree = "<group>";
		};
		7DCEE7AA1B6D5F02007A8FC9 /* LaunchScreen.xib */ = {
			isa = PBXVariantGroup;
			children = (
				7DCEE7AB1B6D5F02007A8FC9 /* Base */,
			);
			name = LaunchScreen.xib;
			sourceTree = "<group>";
		};
/* End PBXVariantGroup section */

/* Begin XCBuildConfiguration section */
		7DCEE7B91B6D5F02007A8FC9 /* Debug */ = {
			isa = XCBuildConfiguration;
			buildSettings = {
				ALWAYS_SEARCH_USER_PATHS = NO;
				CLANG_CXX_LANGUAGE_STANDARD = "gnu++0x";
				CLANG_CXX_LIBRARY = "libc++";
				CLANG_ENABLE_MODULES = YES;
				CLANG_ENABLE_OBJC_ARC = YES;
				CLANG_WARN_BOOL_CONVERSION = YES;
				CLANG_WARN_CONSTANT_CONVERSION = YES;
				CLANG_WARN_DIRECT_OBJC_ISA_USAGE = YES_ERROR;
				CLANG_WARN_EMPTY_BODY = YES;
				CLANG_WARN_ENUM_CONVERSION = YES;
				CLANG_WARN_INT_CONVERSION = YES;
				CLANG_WARN_OBJC_ROOT_CLASS = YES_ERROR;
				CLANG_WARN_UNREACHABLE_CODE = YES;
				CLANG_WARN__DUPLICATE_METHOD_MATCH = YES;
				"CODE_SIGN_IDENTITY[sdk=iphoneos*]" = "iPhone Developer";
				COPY_PHASE_STRIP = NO;
				DEBUG_INFORMATION_FORMAT = "dwarf-with-dsym";
				ENABLE_STRICT_OBJC_MSGSEND = YES;
				GCC_C_LANGUAGE_STANDARD = gnu99;
				GCC_DYNAMIC_NO_PIC = NO;
				GCC_NO_COMMON_BLOCKS = YES;
				GCC_OPTIMIZATION_LEVEL = 0;
				GCC_PREPROCESSOR_DEFINITIONS = (
					"DEBUG=1",
					"$(inherited)",
				);
				GCC_SYMBOLS_PRIVATE_EXTERN = NO;
				GCC_WARN_64_TO_32_BIT_CONVERSION = YES;
				GCC_WARN_ABOUT_RETURN_TYPE = YES_ERROR;
				GCC_WARN_UNDECLARED_SELECTOR = YES;
				GCC_WARN_UNINITIALIZED_AUTOS = YES_AGGRESSIVE;
				GCC_WARN_UNUSED_FUNCTION = YES;
				GCC_WARN_UNUSED_VARIABLE = YES;
				IPHONEOS_DEPLOYMENT_TARGET = 8.4;
				MTL_ENABLE_DEBUG_INFO = YES;
				ONLY_ACTIVE_ARCH = YES;
				SDKROOT = iphoneos;
				TARGETED_DEVICE_FAMILY = "1,2";
			};
			name = Debug;
		};
		7DCEE7BA1B6D5F02007A8FC9 /* Release */ = {
			isa = XCBuildConfiguration;
			buildSettings = {
				ALWAYS_SEARCH_USER_PATHS = NO;
				CLANG_CXX_LANGUAGE_STANDARD = "gnu++0x";
				CLANG_CXX_LIBRARY = "libc++";
				CLANG_ENABLE_MODULES = YES;
				CLANG_ENABLE_OBJC_ARC = YES;
				CLANG_WARN_BOOL_CONVERSION = YES;
				CLANG_WARN_CONSTANT_CONVERSION = YES;
				CLANG_WARN_DIRECT_OBJC_ISA_USAGE = YES_ERROR;
				CLANG_WARN_EMPTY_BODY = YES;
				CLANG_WARN_ENUM_CONVERSION = YES;
				CLANG_WARN_INT_CONVERSION = YES;
				CLANG_WARN_OBJC_ROOT_CLASS = YES_ERROR;
				CLANG_WARN_UNREACHABLE_CODE = YES;
				CLANG_WARN__DUPLICATE_METHOD_MATCH = YES;
				"CODE_SIGN_IDENTITY[sdk=iphoneos*]" = "iPhone Developer";
				COPY_PHASE_STRIP = NO;
				DEBUG_INFORMATION_FORMAT = "dwarf-with-dsym";
				ENABLE_NS_ASSERTIONS = NO;
				ENABLE_STRICT_OBJC_MSGSEND = YES;
				GCC_C_LANGUAGE_STANDARD = gnu99;
				GCC_NO_COMMON_BLOCKS = YES;
				GCC_WARN_64_TO_32_BIT_CONVERSION = YES;
				GCC_WARN_ABOUT_RETURN_TYPE = YES_ERROR;
				GCC_WARN_UNDECLARED_SELECTOR = YES;
				GCC_WARN_UNINITIALIZED_AUTOS = YES_AGGRESSIVE;
				GCC_WARN_UNUSED_FUNCTION = YES;
				GCC_WARN_UNUSED_VARIABLE = YES;
				IPHONEOS_DEPLOYMENT_TARGET = 8.4;
				MTL_ENABLE_DEBUG_INFO = NO;
				SDKROOT = iphoneos;
				TARGETED_DEVICE_FAMILY = "1,2";
				VALIDATE_PRODUCT = YES;
			};
			name = Release;
		};
		7DCEE7BC1B6D5F02007A8FC9 /* Debug */ = {
			isa = XCBuildConfiguration;
			buildSettings = {
				ASSETCATALOG_COMPILER_APPICON_NAME = AppIcon;
				INFOPLIST_FILE = ECCodeChallenge/Info.plist;
				LD_RUNPATH_SEARCH_PATHS = "$(inherited) @executable_path/Frameworks";
				PRODUCT_NAME = "$(TARGET_NAME)";
			};
			name = Debug;
		};
		7DCEE7BD1B6D5F02007A8FC9 /* Release */ = {
			isa = XCBuildConfiguration;
			buildSettings = {
				ASSETCATALOG_COMPILER_APPICON_NAME = AppIcon;
				INFOPLIST_FILE = ECCodeChallenge/Info.plist;
				LD_RUNPATH_SEARCH_PATHS = "$(inherited) @executable_path/Frameworks";
				PRODUCT_NAME = "$(TARGET_NAME)";
			};
			name = Release;
		};
		7DCEE7BF1B6D5F02007A8FC9 /* Debug */ = {
			isa = XCBuildConfiguration;
			buildSettings = {
				BUNDLE_LOADER = "$(TEST_HOST)";
				FRAMEWORK_SEARCH_PATHS = (
					"$(SDKROOT)/Developer/Library/Frameworks",
					"$(inherited)",
				);
				GCC_PREPROCESSOR_DEFINITIONS = (
					"DEBUG=1",
					"$(inherited)",
				);
				INFOPLIST_FILE = ECCodeChallengeTests/Info.plist;
				LD_RUNPATH_SEARCH_PATHS = "$(inherited) @executable_path/Frameworks @loader_path/Frameworks";
				PRODUCT_NAME = "$(TARGET_NAME)";
				TEST_HOST = "$(BUILT_PRODUCTS_DIR)/ECCodeChallenge.app/ECCodeChallenge";
			};
			name = Debug;
		};
		7DCEE7C01B6D5F02007A8FC9 /* Release */ = {
			isa = XCBuildConfiguration;
			buildSettings = {
				BUNDLE_LOADER = "$(TEST_HOST)";
				FRAMEWORK_SEARCH_PATHS = (
					"$(SDKROOT)/Developer/Library/Frameworks",
					"$(inherited)",
				);
				INFOPLIST_FILE = ECCodeChallengeTests/Info.plist;
				LD_RUNPATH_SEARCH_PATHS = "$(inherited) @executable_path/Frameworks @loader_path/Frameworks";
				PRODUCT_NAME = "$(TARGET_NAME)";
				TEST_HOST = "$(BUILT_PRODUCTS_DIR)/ECCodeChallenge.app/ECCodeChallenge";
			};
			name = Release;
		};
/* End XCBuildConfiguration section */

/* Begin XCConfigurationList section */
		7DCEE7931B6D5F02007A8FC9 /* Build configuration list for PBXProject "ECCodeChallenge" */ = {
			isa = XCConfigurationList;
			buildConfigurations = (
				7DCEE7B91B6D5F02007A8FC9 /* Debug */,
				7DCEE7BA1B6D5F02007A8FC9 /* Release */,
			);
			defaultConfigurationIsVisible = 0;
			defaultConfigurationName = Release;
		};
		7DCEE7BB1B6D5F02007A8FC9 /* Build configuration list for PBXNativeTarget "ECCodeChallenge" */ = {
			isa = XCConfigurationList;
			buildConfigurations = (
				7DCEE7BC1B6D5F02007A8FC9 /* Debug */,
				7DCEE7BD1B6D5F02007A8FC9 /* Release */,
			);
			defaultConfigurationIsVisible = 0;
			defaultConfigurationName = Release;
		};
		7DCEE7BE1B6D5F02007A8FC9 /* Build configuration list for PBXNativeTarget "ECCodeChallengeTests" */ = {
			isa = XCConfigurationList;
			buildConfigurations = (
				7DCEE7BF1B6D5F02007A8FC9 /* Debug */,
				7DCEE7C01B6D5F02007A8FC9 /* Release */,
			);
			defaultConfigurationIsVisible = 0;
			defaultConfigurationName = Release;
		};
/* End XCConfigurationList section */
	};
	rootObject = 7DCEE7901B6D5F02007A8FC9 /* Project object */;
}
